
Microsoft Visual Studio Solution File, Format Version 12.00
# Visual Studio Version 17
VisualStudioVersion = 17.14.36203.30
MinimumVisualStudioVersion = 10.0.40219.1
Project("{FAE04EC0-301F-11D3-BF4B-00C04F79EFBC}") = "AccountManagementSystem", "AccountManagementSystem\AccountManagementSystem.csproj", "{6BF5A165-8444-430F-9BD8-1D3F06290AFE}"
EndProject
Global
	GlobalSection(SolutionConfigurationPlatforms) = preSolution
		Debug|Any CPU = Debug|Any CPU
		Release|Any CPU = Release|Any CPU
	EndGlobalSection
	GlobalSection(ProjectConfigurationPlatforms) = postSolution
		{6BF5A165-8444-430F-9BD8-1D3F06290AFE}.Debug|Any CPU.ActiveCfg = Debug|Any CPU
		{6BF5A165-8444-430F-9BD8-1D3F06290AFE}.Debug|Any CPU.Build.0 = Debug|Any CPU
		{6BF5A165-8444-430F-9BD8-1D3F06290AFE}.Release|Any CPU.ActiveCfg = Release|Any CPU
		{6BF5A165-8444-430F-9BD8-1D3F06290AFE}.Release|Any CPU.Build.0 = Release|Any CPU
	EndGlobalSection
	GlobalSection(SolutionProperties) = preSolution
		HideSolutionNode = FALSE
	EndGlobalSection
	GlobalSection(ExtensibilityGlobals) = postSolution
		SolutionGuid = {EB6A324B-2D17-4AF1-8605-25CB4418EBC8}
	EndGlobalSection
EndGlobal
